// !$*UTF8*$!
{
	archiveVersion = 1;
	classes = {
	};
	objectVersion = 50;
	objects = {

/* Begin PBXBuildFile section */
		1547BB3A35093DFF97D7F328 /* libPods-PodDemoB.a in Frameworks */ = {isa = PBXBuildFile; fileRef = 37187B2898D06F30F20F3105 /* libPods-PodDemoB.a */; };
		9CEC59EA21781F5D00995CD1 /* AppDelegate.m in Sources */ = {isa = PBXBuildFile; fileRef = 9CEC59E921781F5D00995CD1 /* AppDelegate.m */; };
		9CEC59ED21781F5D00995CD1 /* ViewController.m in Sources */ = {isa = PBXBuildFile; fileRef = 9CEC59EC21781F5D00995CD1 /* ViewController.m */; };
		9CEC59F021781F5D00995CD1 /* Main.storyboard in Resources */ = {isa = PBXBuildFile; fileRef = 9CEC59EE21781F5D00995CD1 /* Main.storyboard */; };
		9CEC59F221781F5E00995CD1 /* Assets.xcassets in Resources */ = {isa = PBXBuildFile; fileRef = 9CEC59F121781F5E00995CD1 /* Assets.xcassets */; };
		9CEC59F521781F5E00995CD1 /* LaunchScreen.storyboard in Resources */ = {isa = PBXBuildFile; fileRef = 9CEC59F321781F5E00995CD1 /* LaunchScreen.storyboard */; };
		9CEC59F821781F5E00995CD1 /* main.m in Sources */ = {isa = PBXBuildFile; fileRef = 9CEC59F721781F5E00995CD1 /* main.m */; };
/* End PBXBuildFile section */

/* Begin PBXFileReference section */
		37187B2898D06F30F20F3105 /* libPods-PodDemoB.a */ = {isa = PBXFileReference; explicitFileType = archive.ar; includeInIndex = 0; path = "libPods-PodDemoB.a"; sourceTree = BUILT_PRODUCTS_DIR; };
		8F6D0AFB1693A7C37D208A80 /* Pods-PodDemoB.debug.xcconfig */ = {isa = PBXFileReference; includeInIndex = 1; lastKnownFileType = text.xcconfig; name = "Pods-PodDemoB.debug.xcconfig"; path = "Pods/Target Support Files/Pods-PodDemoB/Pods-PodDemoB.debug.xcconfig"; sourceTree = "<group>"; };
		9CEC59E521781F5D00995CD1 /* PodDemoB.app */ = {isa = PBXFileReference; explicitFileType = wrapper.application; includeInIndex = 0; path = PodDemoB.app; sourceTree = BUILT_PRODUCTS_DIR; };
		9CEC59E821781F5D00995CD1 /* AppDelegate.h */ = {isa = PBXFileReference; lastKnownFileType = sourcecode.c.h; path = AppDelegate.h; sourceTree = "<group>"; };
		9CEC59E921781F5D00995CD1 /* AppDelegate.m */ = {isa = PBXFileReference; lastKnownFileType = sourcecode.c.objc; path = AppDelegate.m; sourceTree = "<group>"; };
		9CEC59EB21781F5D00995CD1 /* ViewController.h */ = {isa = PBXFileReference; lastKnownFileType = sourcecode.c.h; path = ViewController.h; sourceTree = "<group>"; };
		9CEC59EC21781F5D00995CD1 /* ViewController.m */ = {isa = PBXFileReference; lastKnownFileType = sourcecode.c.objc; path = ViewController.m; sourceTree = "<group>"; };
		9CEC59EF21781F5D00995CD1 /* Base */ = {isa = PBXFileReference; lastKnownFileType = file.storyboard; name = Base; path = Base.lproj/Main.storyboard; sourceTree = "<group>"; };
		9CEC59F121781F5E00995CD1 /* Assets.xcassets */ = {isa = PBXFileReference; lastKnownFileType = folder.assetcatalog; path = Assets.xcassets; sourceTree = "<group>"; };
		9CEC59F421781F5E00995CD1 /* Base */ = {isa = PBXFileReference; lastKnownFileType = file.storyboard; name = Base; path = Base.lproj/LaunchScreen.storyboard; sourceTree = "<group>"; };
		9CEC59F621781F5E00995CD1 /* Info.plist */ = {isa = PBXFileReference; lastKnownFileType = text.plist.xml; path = Info.plist; sourceTree = "<group>"; };
		9CEC59F721781F5E00995CD1 /* main.m */ = {isa = PBXFileReference; lastKnownFileType = sourcecode.c.objc; path = main.m; sourceTree = "<group>"; };
		EF5B27A4EE2B18E79A417A91 /* Pods-PodDemoB.release.xcconfig */ = {isa = PBXFileReference; includeInIndex = 1; lastKnownFileType = text.xcconfig; name = "Pods-PodDemoB.release.xcconfig"; path = "Pods/Target Support Files/Pods-PodDemoB/Pods-PodDemoB.release.xcconfig"; sourceTree = "<group>"; };
/* End PBXFileReference section */

/* Begin PBXFrameworksBuildPhase section */
		9CEC59E221781F5D00995CD1 /* Frameworks */ = {
			isa = PBXFrameworksBuildPhase;
			buildActionMask = 2147483647;
			files = (
				1547BB3A35093DFF97D7F328 /* libPods-PodDemoB.a in Frameworks */,
			);
			runOnlyForDeploymentPostprocessing = 0;
		};
/* End PBXFrameworksBuildPhase section */

/* Begin PBXGroup section */
		04DB687862DD2557BF38DBF8 /* Frameworks */ = {
			isa = PBXGroup;
			children = (
				37187B2898D06F30F20F3105 /* libPods-PodDemoB.a */,
			);
			name = Frameworks;
			sourceTree = "<group>";
		};
		9CEC59DC21781F5D00995CD1 = {
			isa = PBXGroup;
			children = (
				9CEC59E721781F5D00995CD1 /* PodDemoB */,
				9CEC59E621781F5D00995CD1 /* Products */,
				C3B86F7C5FD8210DE81D9C6F /* Pods */,
				04DB687862DD2557BF38DBF8 /* Frameworks */,
			);
			sourceTree = "<group>";
		};
		9CEC59E621781F5D00995CD1 /* Products */ = {
			isa = PBXGroup;
			children = (
				9CEC59E521781F5D00995CD1 /* PodDemoB.app */,
			);
			name = Products;
			sourceTree = "<group>";
		};
		9CEC59E721781F5D00995CD1 /* PodDemoB */ = {
			isa = PBXGroup;
			children = (
				9CEC59E821781F5D00995CD1 /* AppDelegate.h */,
				9CEC59E921781F5D00995CD1 /* AppDelegate.m */,
				9CEC59EB21781F5D00995CD1 /* ViewController.h */,
				9CEC59EC21781F5D00995CD1 /* ViewController.m */,
				9CEC59EE21781F5D00995CD1 /* Main.storyboard */,
				9CEC59F121781F5E00995CD1 /* Assets.xcassets */,
				9CEC59F321781F5E00995CD1 /* LaunchScreen.storyboard */,
				9CEC59F621781F5E00995CD1 /* Info.plist */,
				9CEC59F721781F5E00995CD1 /* main.m */,
			);
			path = PodDemoB;
			sourceTree = "<group>";
		};
		C3B86F7C5FD8210DE81D9C6F /* Pods */ = {
			isa = PBXGroup;
			children = (
				8F6D0AFB1693A7C37D208A80 /* Pods-PodDemoB.debug.xcconfig */,
				EF5B27A4EE2B18E79A417A91 /* Pods-PodDemoB.release.xcconfig */,
			);
			name = Pods;
			sourceTree = "<group>";
		};
/* End PBXGroup section */

/* Begin PBXNativeTarget section */
		9CEC59E421781F5D00995CD1 /* PodDemoB */ = {
			isa = PBXNativeTarget;
			buildConfigurationList = 9CEC59FB21781F5E00995CD1 /* Build configuration list for PBXNativeTarget "PodDemoB" */;
			buildPhases = (
				8307C37F1D8AABD31902F456 /* [CP] Check Pods Manifest.lock */,
				9CEC59E121781F5D00995CD1 /* Sources */,
				9CEC59E221781F5D00995CD1 /* Frameworks */,
				9CEC59E321781F5D00995CD1 /* Resources */,
			);
			buildRules = (
			);
			dependencies = (
			);
			name = PodDemoB;
			productName = PodDemoB;
			productReference = 9CEC59E521781F5D00995CD1 /* PodDemoB.app */;
			productType = "com.apple.product-type.application";
		};
/* End PBXNativeTarget section */

/* Begin PBXProject section */
		9CEC59DD21781F5D00995CD1 /* Project object */ = {
			isa = PBXProject;
			attributes = {
				LastUpgradeCheck = 1000;
				ORGANIZATIONNAME = Wishnote;
				TargetAttributes = {
					9CEC59E421781F5D00995CD1 = {
						CreatedOnToolsVersion = 10.0;
					};
				};
			};
			buildConfigurationList = 9CEC59E021781F5D00995CD1 /* Build configuration list for PBXProject "PodDemoB" */;
			compatibilityVersion = "Xcode 9.3";
			developmentRegion = en;
			hasScannedForEncodings = 0;
			knownRegions = (
				en,
				Base,
			);
			mainGroup = 9CEC59DC21781F5D00995CD1;
			productRefGroup = 9CEC59E621781F5D00995CD1 /* Products */;
			projectDirPath = "";
			projectRoot = "";
			targets = (
				9CEC59E421781F5D00995CD1 /* PodDemoB */,
			);
		};
/* End PBXProject section */

/* Begin PBXResourcesBuildPhase section */
		9CEC59E321781F5D00995CD1 /* Resources */ = {
			isa = PBXResourcesBuildPhase;
			buildActionMask = 2147483647;
			files = (
				9CEC59F521781F5E00995CD1 /* LaunchScreen.storyboard in Resources */,
				9CEC59F221781F5E00995CD1 /* Assets.xcassets in Resources */,
				9CEC59F021781F5D00995CD1 /* Main.storyboard in Resources */,
			);
			runOnlyForDeploymentPostprocessing = 0;
		};
/* End PBXResourcesBuildPhase section */

/* Begin PBXShellScriptBuildPhase section */
		8307C37F1D8AABD31902F456 /* [CP] Check Pods Manifest.lock */ = {
			isa = PBXShellScriptBuildPhase;
			buildActionMask = 2147483647;
			files = (
			);
			inputFileListPaths = (
			);
			inputPaths = (
				"${PODS_PODFILE_DIR_PATH}/Podfile.lock",
				"${PODS_ROOT}/Manifest.lock",
			);
			name = "[CP] Check Pods Manifest.lock";
			outputFileListPaths = (
			);
			outputPaths = (
				"$(DERIVED_FILE_DIR)/Pods-PodDemoB-checkManifestLockResult.txt",
			);
			runOnlyForDeploymentPostprocessing = 0;
			shellPath = /bin/sh;
			shellScript = "diff \"${PODS_PODFILE_DIR_PATH}/Podfile.lock\" \"${PODS_ROOT}/Manifest.lock\" > /dev/null\nif [ $? != 0 ] ; then\n    # print error to STDERR\n    echo \"error: The sandbox is not in sync with the Podfile.lock. Run 'pod install' or update your CocoaPods installation.\" >&2\n    exit 1\nfi\n# This output is used by Xcode 'outputs' to avoid re-running this script phase.\necho \"SUCCESS\" > \"${SCRIPT_OUTPUT_FILE_0}\"\n";
			showEnvVarsInLog = 0;
		};
/* End PBXShellScriptBuildPhase section */

/* Begin PBXSourcesBuildPhase section */
		9CEC59E121781F5D00995CD1 /* Sources */ = {
			isa = PBXSourcesBuildPhase;
			buildActionMask = 2147483647;
			files = (
				9CEC59ED21781F5D00995CD1 /* ViewController.m in Sources */,
				9CEC59F821781F5E00995CD1 /* main.m in Sources */,
				9CEC59EA21781F5D00995CD1 /* AppDelegate.m in Sources */,
			);
			runOnlyForDeploymentPostprocessing = 0;
		};
/* End PBXSourcesBuildPhase section */

/* Begin PBXVariantGroup section */
		9CEC59EE21781F5D00995CD1 /* Main.storyboard */ = {
			isa = PBXVariantGroup;
			children = (
				9CEC59EF21781F5D00995CD1 /* Base */,
			);
			name = Main.storyboard;
			sourceTree = "<group>";
		};
		9CEC59F321781F5E00995CD1 /* LaunchScreen.storyboard */ = {
			isa = PBXVariantGroup;
			children = (
				9CEC59F421781F5E00995CD1 /* Base */,
			);
			name = LaunchScreen.storyboard;
			sourceTree = "<group>";
		};
/* End PBXVariantGroup section */

/* Begin XCBuildConfiguration section */
		9CEC59F921781F5E00995CD1 /* Debug */ = {
			isa = XCBuildConfiguration;
			buildSettings = {
				ALWAYS_SEARCH_USER_PATHS = NO;
				CLANG_ANALYZER_NONNULL = YES;
				CLANG_ANALYZER_NUMBER_OBJECT_CONVERSION = YES_AGGRESSIVE;
				CLANG_CXX_LANGUAGE_STANDARD = "gnu++14";
				CLANG_CXX_LIBRARY = "libc++";
				CLANG_ENABLE_MODULES = YES;
				CLANG_ENABLE_OBJC_ARC = YES;
				CLANG_ENABLE_OBJC_WEAK = YES;
				CLANG_WARN_BLOCK_CAPTURE_AUTORELEASING = YES;
				CLANG_WARN_BOOL_CONVERSION = YES;
				CLANG_WARN_COMMA = YES;
				CLANG_WARN_CONSTANT_CONVERSION = YES;
				CLANG_WARN_DEPRECATED_OBJC_IMPLEMENTATIONS = YES;
				CLANG_WARN_DIRECT_OBJC_ISA_USAGE = YES_ERROR;
				CLANG_WARN_DOCUMENTATION_COMMENTS = YES;
				CLANG_WARN_EMPTY_BODY = YES;
				CLANG_WARN_ENUM_CONVERSION = YES;
				CLANG_WARN_INFINITE_RECURSION = YES;
				CLANG_WARN_INT_CONVERSION = YES;
				CLANG_WARN_NON_LITERAL_NULL_CONVERSION = YES;
				CLANG_WARN_OBJC_IMPLICIT_RETAIN_SELF = YES;
				CLANG_WARN_OBJC_LITERAL_CONVERSION = YES;
				CLANG_WARN_OBJC_ROOT_CLASS = YES_ERROR;
				CLANG_WARN_RANGE_LOOP_ANALYSIS = YES;
				CLANG_WARN_STRICT_PROTOTYPES = YES;
				CLANG_WARN_SUSPICIOUS_MOVE = YES;
				CLANG_WARN_UNGUARDED_AVAILABILITY = YES_AGGRESSIVE;
				CLANG_WARN_UNREACHABLE_CODE = YES;
				CLANG_WARN__DUPLICATE_METHOD_MATCH = YES;
				CODE_SIGN_IDENTITY = "iPhone Developer";
				COPY_PHASE_STRIP = NO;
				DEBUG_INFORMATION_FORMAT = dwarf;
				ENABLE_STRICT_OBJC_MSGSEND = YES;
				ENABLE_TESTABILITY = YES;
				GCC_C_LANGUAGE_STANDARD = gnu11;
				GCC_DYNAMIC_NO_PIC = NO;
				GCC_NO_COMMON_BLOCKS = YES;
				GCC_OPTIMIZATION_LEVEL = 0;
				GCC_PREPROCESSOR_DEFINITIONS = (
					"DEBUG=1",
					"$(inherited)",
				);
				GCC_WARN_64_TO_32_BIT_CONVERSION = YES;
				GCC_WARN_ABOUT_RETURN_TYPE = YES_ERROR;
				GCC_WARN_UNDECLARED_SELECTOR = YES;
				GCC_WARN_UNINITIALIZED_AUTOS = YES_AGGRESSIVE;
				GCC_WARN_UNUSED_FUNCTION = YES;
				GCC_WARN_UNUSED_VARIABLE = YES;
				IPHONEOS_DEPLOYMENT_TARGET = 12.0;
				MTL_ENABLE_DEBUG_INFO = INCLUDE_SOURCE;
				MTL_FAST_MATH = YES;
				ONLY_ACTIVE_ARCH = YES;
				SDKROOT = iphoneos;
			};
			name = Debug;
		};
		9CEC59FA21781F5E00995CD1 /* Release */ = {
			isa = XCBuildConfiguration;
			buildSettings = {
				ALWAYS_SEARCH_USER_PATHS = NO;
				CLANG_ANALYZER_NONNULL = YES;
				CLANG_ANALYZER_NUMBER_OBJECT_CONVERSION = YES_AGGRESSIVE;
				CLANG_CXX_LANGUAGE_STANDARD = "gnu++14";
				CLANG_CXX_LIBRARY = "libc++";
				CLANG_ENABLE_MODULES = YES;
				CLANG_ENABLE_OBJC_ARC = YES;
				CLANG_ENABLE_OBJC_WEAK = YES;
				CLANG_WARN_BLOCK_CAPTURE_AUTORELEASING = YES;
				CLANG_WARN_BOOL_CONVERSION = YES;
				CLANG_WARN_COMMA = YES;
				CLANG_WARN_CONSTANT_CONVERSION = YES;
				CLANG_WARN_DEPRECATED_OBJC_IMPLEMENTATIONS = YES;
				CLANG_WARN_DIRECT_OBJC_ISA_USAGE = YES_ERROR;
				CLANG_WARN_DOCUMENTATION_COMMENTS = YES;
				CLANG_WARN_EMPTY_BODY = YES;
				CLANG_WARN_ENUM_CONVERSION = YES;
				CLANG_WARN_INFINITE_RECURSION = YES;
				CLANG_WARN_INT_CONVERSION = YES;
				CLANG_WARN_NON_LITERAL_NULL_CONVERSION = YES;
				CLANG_WARN_OBJC_IMPLICIT_RETAIN_SELF = YES;
				CLANG_WARN_OBJC_LITERAL_CONVERSION = YES;
				CLANG_WARN_OBJC_ROOT_CLASS = YES_ERROR;
				CLANG_WARN_RANGE_LOOP_ANALYSIS = YES;
				CLANG_WARN_STRICT_PROTOTYPES = YES;
				CLANG_WARN_SUSPICIOUS_MOVE = YES;
				CLANG_WARN_UNGUARDED_AVAILABILITY = YES_AGGRESSIVE;
				CLANG_WARN_UNREACHABLE_CODE = YES;
				CLANG_WARN__DUPLICATE_METHOD_MATCH = YES;
				CODE_SIGN_IDENTITY = "iPhone Developer";
				COPY_PHASE_STRIP = NO;
				DEBUG_INFORMATION_FORMAT = "dwarf-with-dsym";
				ENABLE_NS_ASSERTIONS = NO;
				ENABLE_STRICT_OBJC_MSGSEND = YES;
				GCC_C_LANGUAGE_STANDARD = gnu11;
				GCC_NO_COMMON_BLOCKS = YES;
				GCC_WARN_64_TO_32_BIT_CONVERSION = YES;
				GCC_WARN_ABOUT_RETURN_TYPE = YES_ERROR;
				GCC_WARN_UNDECLARED_SELECTOR = YES;
				GCC_WARN_UNINITIALIZED_AUTOS = YES_AGGRESSIVE;
				GCC_WARN_UNUSED_FUNCTION = YES;
				GCC_WARN_UNUSED_VARIABLE = YES;
				IPHONEOS_DEPLOYMENT_TARGET = 12.0;
				MTL_ENABLE_DEBUG_INFO = NO;
				MTL_FAST_MATH = YES;
				SDKROOT = iphoneos;
				VALIDATE_PRODUCT = YES;
			};
			name = Release;
		};
		9CEC59FC21781F5E00995CD1 /* Debug */ = {
			isa = XCBuildConfiguration;
			baseConfigurationReference = 8F6D0AFB1693A7C37D208A80 /* Pods-PodDemoB.debug.xcconfig */;
			buildSettings = {
				ASSETCATALOG_COMPILER_APPICON_NAME = AppIcon;
				CODE_SIGN_STYLE = Automatic;
				DEVELOPMENT_TEAM = BCGG97S6MH;
				INFOPLIST_FILE = PodDemoB/Info.plist;
				LD_RUNPATH_SEARCH_PATHS = (
					"$(inherited)",
					"@executable_path/Frameworks",
				);
				PRODUCT_BUNDLE_IDENTIFIER = com.wishnote.PodDemoB;
				PRODUCT_NAME = "$(TARGET_NAME)";
				TARGETED_DEVICE_FAMILY = "1,2";
			};
			name = Debug;
		};
		9CEC59FD21781F5E00995CD1 /* Release */ = {
			isa = XCBuildConfiguration;
			baseConfigurationReference = EF5B27A4EE2B18E79A417A91 /* Pods-PodDemoB.release.xcconfig */;
			buildSettings = {
				ASSETCATALOG_COMPILER_APPICON_NAME = AppIcon;
				CODE_SIGN_STYLE = Automatic;
				DEVELOPMENT_TEAM = BCGG97S6MH;
				INFOPLIST_FILE = PodDemoB/Info.plist;
				LD_RUNPATH_SEARCH_PATHS = (
					"$(inherited)",
					"@executable_path/Frameworks",
				);
				PRODUCT_BUNDLE_IDENTIFIER = com.wishnote.PodDemoB;
				PRODUCT_NAME = "$(TARGET_NAME)";
				TARGETED_DEVICE_FAMILY = "1,2";
			};
			name = Release;
		};
/* End XCBuildConfiguration section */

/* Begin XCConfigurationList section */
		9CEC59E021781F5D00995CD1 /* Build configuration list for PBXProject "PodDemoB" */ = {
			isa = XCConfigurationList;
			buildConfigurations = (
				9CEC59F921781F5E00995CD1 /* Debug */,
				9CEC59FA21781F5E00995CD1 /* Release */,
			);
			defaultConfigurationIsVisible = 0;
			defaultConfigurationName = Release;
		};
		9CEC59FB21781F5E00995CD1 /* Build configuration list for PBXNativeTarget "PodDemoB" */ = {
			isa = XCConfigurationList;
			buildConfigurations = (
				9CEC59FC21781F5E00995CD1 /* Debug */,
				9CEC59FD21781F5E00995CD1 /* Release */,
			);
			defaultConfigurationIsVisible = 0;
			defaultConfigurationName = Release;
		};
/* End XCConfigurationList section */
	};
	rootObject = 9CEC59DD21781F5D00995CD1 /* Project object */;
}
